{
  "lockfileVersion": 1,
  "workspaces": {
    "": {
      "name": "obsidian-templater-scripts",
      "dependencies": {
        "ulid": "^3.0.0",
      },
      "devDependencies": {
        "@biomejs/biome": "^1.9.4",
        "@types/bun": "^1.2.13",
        "@types/node": "^20.17.46",
        "obsidian": "^1.8.7",
        "typescript": "^5.8.3",
      },
    },
  },
  "packages": {
    "@biomejs/biome": ["@biomejs/biome@1.9.4", "", { "optionalDependencies": { "@biomejs/cli-darwin-arm64": "1.9.4", "@biomejs/cli-darwin-x64": "1.9.4", "@biomejs/cli-linux-arm64": "1.9.4", "@biomejs/cli-linux-arm64-musl": "1.9.4", "@biomejs/cli-linux-x64": "1.9.4", "@biomejs/cli-linux-x64-musl": "1.9.4", "@biomejs/cli-win32-arm64": "1.9.4", "@biomejs/cli-win32-x64": "1.9.4" }, "bin": { "biome": "bin/biome" } }, "sha512-1rkd7G70+o9KkTn5KLmDYXihGoTaIGO9PIIN2ZB7UJxFrWw04CZHPYiMRjYsaDvVV7hP1dYNRLxSANLaBFGpog=="],

    "@biomejs/cli-darwin-arm64": ["@biomejs/cli-darwin-arm64@1.9.4", "", { "os": "darwin", "cpu": "arm64" }, "sha512-bFBsPWrNvkdKrNCYeAp+xo2HecOGPAy9WyNyB/jKnnedgzl4W4Hb9ZMzYNbf8dMCGmUdSavlYHiR01QaYR58cw=="],

    "@biomejs/cli-darwin-x64": ["@biomejs/cli-darwin-x64@1.9.4", "", { "os": "darwin", "cpu": "x64" }, "sha512-ngYBh/+bEedqkSevPVhLP4QfVPCpb+4BBe2p7Xs32dBgs7rh9nY2AIYUL6BgLw1JVXV8GlpKmb/hNiuIxfPfZg=="],

    "@biomejs/cli-linux-arm64": ["@biomejs/cli-linux-arm64@1.9.4", "", { "os": "linux", "cpu": "arm64" }, "sha512-fJIW0+LYujdjUgJJuwesP4EjIBl/N/TcOX3IvIHJQNsAqvV2CHIogsmA94BPG6jZATS4Hi+xv4SkBBQSt1N4/g=="],

    "@biomejs/cli-linux-arm64-musl": ["@biomejs/cli-linux-arm64-musl@1.9.4", "", { "os": "linux", "cpu": "arm64" }, "sha512-v665Ct9WCRjGa8+kTr0CzApU0+XXtRgwmzIf1SeKSGAv+2scAlW6JR5PMFo6FzqqZ64Po79cKODKf3/AAmECqA=="],

    "@biomejs/cli-linux-x64": ["@biomejs/cli-linux-x64@1.9.4", "", { "os": "linux", "cpu": "x64" }, "sha512-lRCJv/Vi3Vlwmbd6K+oQ0KhLHMAysN8lXoCI7XeHlxaajk06u7G+UsFSO01NAs5iYuWKmVZjmiOzJ0OJmGsMwg=="],

    "@biomejs/cli-linux-x64-musl": ["@biomejs/cli-linux-x64-musl@1.9.4", "", { "os": "linux", "cpu": "x64" }, "sha512-gEhi/jSBhZ2m6wjV530Yy8+fNqG8PAinM3oV7CyO+6c3CEh16Eizm21uHVsyVBEB6RIM8JHIl6AGYCv6Q6Q9Tg=="],

    "@biomejs/cli-win32-arm64": ["@biomejs/cli-win32-arm64@1.9.4", "", { "os": "win32", "cpu": "arm64" }, "sha512-tlbhLk+WXZmgwoIKwHIHEBZUwxml7bRJgk0X2sPyNR3S93cdRq6XulAZRQJ17FYGGzWne0fgrXBKpl7l4M87Hg=="],

    "@biomejs/cli-win32-x64": ["@biomejs/cli-win32-x64@1.9.4", "", { "os": "win32", "cpu": "x64" }, "sha512-8Y5wMhVIPaWe6jw2H+KlEm4wP/f7EW3810ZLmDlrEEy5KvBsb9ECEfu/kMWD484ijfQ8+nIi0giMgu9g1UAuuA=="],

    "@codemirror/state": ["@codemirror/state@6.5.1", "", { "dependencies": { "@marijn/find-cluster-break": "^1.0.0" } }, "sha512-3rA9lcwciEB47ZevqvD8qgbzhM9qMb8vCcQCNmDfVRPQG4JT9mSb0Jg8H7YjKGGQcFnLN323fj9jdnG59Kx6bg=="],

    "@codemirror/view": ["@codemirror/view@6.36.2", "", { "dependencies": { "@codemirror/state": "^6.5.0", "style-mod": "^4.1.0", "w3c-keyname": "^2.2.4" } }, "sha512-DZ6ONbs8qdJK0fdN7AB82CgI6tYXf4HWk1wSVa0+9bhVznCuuvhQtX8bFBoy3dv8rZSQqUd8GvhVAcielcidrA=="],

    "@marijn/find-cluster-break": ["@marijn/find-cluster-break@1.0.2", "", {}, "sha512-l0h88YhZFyKdXIFNfSWpyjStDjGHwZ/U7iobcK1cQQD8sejsONdQtTVU+1wVN1PBw40PiiHB1vA5S7VTfQiP9g=="],

    "@types/bun": ["@types/bun@1.2.13", "", { "dependencies": { "bun-types": "1.2.13" } }, "sha512-u6vXep/i9VBxoJl3GjZsl/BFIsvML8DfVDO0RYLEwtSZSp981kEO1V5NwRcO1CPJ7AmvpbnDCiMKo3JvbDEjAg=="],

    "@types/codemirror": ["@types/codemirror@5.60.8", "", { "dependencies": { "@types/tern": "*" } }, "sha512-VjFgDF/eB+Aklcy15TtOTLQeMjTo07k7KAjql8OK5Dirr7a6sJY4T1uVBDuTVG9VEmn1uUsohOpYnVfgC6/jyw=="],

    "@types/estree": ["@types/estree@1.0.6", "", {}, "sha512-AYnb1nQyY49te+VRAVgmzfcgjYS91mY5P0TKUDCLEM+gNnA+3T6rWITXRLYCpahpqSQbN5cE+gHpnPyXjHWxcw=="],

    "@types/node": ["@types/node@20.17.46", "", { "dependencies": { "undici-types": "~6.19.2" } }, "sha512-0PQHLhZPWOxGW4auogW0eOQAuNIlCYvibIpG67ja0TOJ6/sehu+1en7sfceUn+QQtx4Rk3GxbLNwPh0Cav7TWw=="],

    "@types/tern": ["@types/tern@0.23.9", "", { "dependencies": { "@types/estree": "*" } }, "sha512-ypzHFE/wBzh+BlH6rrBgS5I/Z7RD21pGhZ2rltb/+ZrVM1awdZwjx7hE5XfuYgHWk9uvV5HLZN3SloevCAp3Bw=="],

    "bun-types": ["bun-types@1.2.13", "", { "dependencies": { "@types/node": "*" } }, "sha512-rRjA1T6n7wto4gxhAO/ErZEtOXyEZEmnIHQfl0Dt1QQSB4QV0iP6BZ9/YB5fZaHFQ2dwHFrmPaRQ9GGMX01k9Q=="],

    "moment": ["moment@2.29.4", "", {}, "sha512-5LC9SOxjSc2HF6vO2CyuTDNivEdoz2IvyJJGj6X8DJ0eFyfszE0QiEd+iXmBvUP3WHxSjFH/vIsA0EN00cgr8w=="],

    "obsidian": ["obsidian@1.8.7", "", { "dependencies": { "@types/codemirror": "5.60.8", "moment": "2.29.4" }, "peerDependencies": { "@codemirror/state": "^6.0.0", "@codemirror/view": "^6.0.0" } }, "sha512-h4bWwNFAGRXlMlMAzdEiIM2ppTGlrh7uGOJS6w4gClrsjc+ei/3YAtU2VdFUlCiPuTHpY4aBpFJJW75S1Tl/JA=="],

    "style-mod": ["style-mod@4.1.2", "", {}, "sha512-wnD1HyVqpJUI2+eKZ+eo1UwghftP6yuFheBqqe+bWCotBjC2K1YnteJILRMs3SM4V/0dLEW1SC27MWP5y+mwmw=="],

    "typescript": ["typescript@5.8.3", "", { "bin": { "tsc": "bin/tsc", "tsserver": "bin/tsserver" } }, "sha512-p1diW6TqL9L07nNxvRMM7hMMw4c5XOo/1ibL4aAIGmSAt9slTE1Xgw5KWuof2uTOvCg9BY7ZRi+GaF+7sfgPeQ=="],

    "ulid": ["ulid@3.0.0", "", { "bin": { "ulid": "dist/cli.js" } }, "sha512-yvZYdXInnJve6LdlPIuYmURdS2NP41ZoF4QW7SXwbUKYt53+0eDAySO+rGSvM2O/ciuB/G+8N7GQrZ1mCJpuqw=="],

    "undici-types": ["undici-types@6.19.8", "", {}, "sha512-ve2KP6f/JnbPBFyobGHuerC9g1FYGn/F8n1LWTwNxCEzd6IfqTwUQcNXgEtmmQ6DlRrC1hrSrBnCZPokRrDHjw=="],

    "w3c-keyname": ["w3c-keyname@2.2.8", "", {}, "sha512-dpojBhNsCNN7T82Tm7k26A6G9ML3NkhDsnw9n/eoxSRlVBB4CEtIQ/KTCLI2Fwf3ataSXRhYFkQi3SlnFwPvPQ=="],
  }
}
